
Microsoft Visual Studio Solution File, Format Version 12.00
# Visual Studio 15
VisualStudioVersion = 15.0.26730.15
MinimumVisualStudioVersion = 10.0.40219.1
Project("{FAE04EC0-301F-11D3-BF4B-00C04F79EFBC}") = "NetChat.Client.Core", "NetChat.Client.Core\NetChat.Client.Core.csproj", "{7ACB5451-7849-4192-9DC5-894E3753961B}"
EndProject
Project("{2150E333-8FDC-42A3-9474-1A3956D46DE8}") = "Client", "Client", "{DC1DACDA-37D5-4867-AA10-18FB7EF8C5B3}"
EndProject
Project("{FAE04EC0-301F-11D3-BF4B-00C04F79EFBC}") = "NetChat.Front", "NetChat.Front\NetChat.Front.csproj", "{3634230B-0184-466F-8B12-ED55FB679788}"
EndProject
Project("{2150E333-8FDC-42A3-9474-1A3956D46DE8}") = "Server", "Server", "{E2AE4C60-6310-4902-815F-778CB8DA9AC7}"
EndProject
Project("{FAE04EC0-301F-11D3-BF4B-00C04F79EFBC}") = "NetChat.Server.Console", "NetChat.Server.Console\NetChat.Server.Console.csproj", "{7C553BD7-BAD3-4665-846A-8C6A6265700C}"
EndProject
Project("{FAE04EC0-301F-11D3-BF4B-00C04F79EFBC}") = "Logging", "Logging\Logging.csproj", "{AA4C37C7-970F-4A17-92E6-1A271E5C05EA}"
EndProject
Project("{2150E333-8FDC-42A3-9474-1A3956D46DE8}") = "Test", "Test", "{E2F0DC39-A80F-460E-92F6-72912ED6F39D}"
EndProject
Project("{FAE04EC0-301F-11D3-BF4B-00C04F79EFBC}") = "Testing", "Testing\Testing.csproj", "{CF8B8CFA-452C-4E5B-9CA4-6AB41A22A4DC}"
EndProject
Project("{2150E333-8FDC-42A3-9474-1A3956D46DE8}") = "Resource", "Resource", "{25898553-3D0D-4F44-B467-5A24E95CDE56}"
	ProjectSection(SolutionItems) = preProject
		..\..\..\..\..\Desktop\flag.png = ..\..\..\..\..\Desktop\flag.png
	EndProjectSection
EndProject
Project("{FAE04EC0-301F-11D3-BF4B-00C04F79EFBC}") = "NetChat.Front.WPF", "..\..\..\..\..\source\repos\NetChat.Front.WPF\NetChat.Front.WPF\NetChat.Front.WPF.csproj", "{B2AEEA6E-B768-483A-AE1C-DD0B73D2CE39}"
EndProject
Global
	GlobalSection(SolutionConfigurationPlatforms) = preSolution
		Debug|Any CPU = Debug|Any CPU
		Release|Any CPU = Release|Any CPU
	EndGlobalSection
	GlobalSection(ProjectConfigurationPlatforms) = postSolution
		{7ACB5451-7849-4192-9DC5-894E3753961B}.Debug|Any CPU.ActiveCfg = Debug|Any CPU
		{7ACB5451-7849-4192-9DC5-894E3753961B}.Debug|Any CPU.Build.0 = Debug|Any CPU
		{7ACB5451-7849-4192-9DC5-894E3753961B}.Release|Any CPU.ActiveCfg = Release|Any CPU
		{7ACB5451-7849-4192-9DC5-894E3753961B}.Release|Any CPU.Build.0 = Release|Any CPU
		{3634230B-0184-466F-8B12-ED55FB679788}.Debug|Any CPU.ActiveCfg = Debug|Any CPU
		{3634230B-0184-466F-8B12-ED55FB679788}.Debug|Any CPU.Build.0 = Debug|Any CPU
		{3634230B-0184-466F-8B12-ED55FB679788}.Release|Any CPU.ActiveCfg = Release|Any CPU
		{3634230B-0184-466F-8B12-ED55FB679788}.Release|Any CPU.Build.0 = Release|Any CPU
		{7C553BD7-BAD3-4665-846A-8C6A6265700C}.Debug|Any CPU.ActiveCfg = Debug|Any CPU
		{7C553BD7-BAD3-4665-846A-8C6A6265700C}.Debug|Any CPU.Build.0 = Debug|Any CPU
		{7C553BD7-BAD3-4665-846A-8C6A6265700C}.Release|Any CPU.ActiveCfg = Release|Any CPU
		{7C553BD7-BAD3-4665-846A-8C6A6265700C}.Release|Any CPU.Build.0 = Release|Any CPU
		{AA4C37C7-970F-4A17-92E6-1A271E5C05EA}.Debug|Any CPU.ActiveCfg = Debug|Any CPU
		{AA4C37C7-970F-4A17-92E6-1A271E5C05EA}.Debug|Any CPU.Build.0 = Debug|Any CPU
		{AA4C37C7-970F-4A17-92E6-1A271E5C05EA}.Release|Any CPU.ActiveCfg = Release|Any CPU
		{AA4C37C7-970F-4A17-92E6-1A271E5C05EA}.Release|Any CPU.Build.0 = Release|Any CPU
		{CF8B8CFA-452C-4E5B-9CA4-6AB41A22A4DC}.Debug|Any CPU.ActiveCfg = Debug|Any CPU
		{CF8B8CFA-452C-4E5B-9CA4-6AB41A22A4DC}.Debug|Any CPU.Build.0 = Debug|Any CPU
		{CF8B8CFA-452C-4E5B-9CA4-6AB41A22A4DC}.Release|Any CPU.ActiveCfg = Release|Any CPU
		{CF8B8CFA-452C-4E5B-9CA4-6AB41A22A4DC}.Release|Any CPU.Build.0 = Release|Any CPU
		{B2AEEA6E-B768-483A-AE1C-DD0B73D2CE39}.Debug|Any CPU.ActiveCfg = Debug|Any CPU
		{B2AEEA6E-B768-483A-AE1C-DD0B73D2CE39}.Debug|Any CPU.Build.0 = Debug|Any CPU
		{B2AEEA6E-B768-483A-AE1C-DD0B73D2CE39}.Release|Any CPU.ActiveCfg = Release|Any CPU
		{B2AEEA6E-B768-483A-AE1C-DD0B73D2CE39}.Release|Any CPU.Build.0 = Release|Any CPU
	EndGlobalSection
	GlobalSection(SolutionProperties) = preSolution
		HideSolutionNode = FALSE
	EndGlobalSection
	GlobalSection(NestedProjects) = preSolution
		{7ACB5451-7849-4192-9DC5-894E3753961B} = {DC1DACDA-37D5-4867-AA10-18FB7EF8C5B3}
		{3634230B-0184-466F-8B12-ED55FB679788} = {DC1DACDA-37D5-4867-AA10-18FB7EF8C5B3}
		{7C553BD7-BAD3-4665-846A-8C6A6265700C} = {E2AE4C60-6310-4902-815F-778CB8DA9AC7}
		{CF8B8CFA-452C-4E5B-9CA4-6AB41A22A4DC} = {E2F0DC39-A80F-460E-92F6-72912ED6F39D}
		{B2AEEA6E-B768-483A-AE1C-DD0B73D2CE39} = {DC1DACDA-37D5-4867-AA10-18FB7EF8C5B3}
	EndGlobalSection
	GlobalSection(ExtensibilityGlobals) = postSolution
		SolutionGuid = {18BDC0DF-DB93-4333-8F8E-53215CAEEEA1}
	EndGlobalSection
EndGlobal
