
Microsoft Visual Studio Solution File, Format Version 12.00
# Visual Studio 15
VisualStudioVersion = 15.0.27703.2047
MinimumVisualStudioVersion = 10.0.40219.1
Project("{FAE04EC0-301F-11D3-BF4B-00C04F79EFBC}") = "WpfApp1", "WpfApp1\WpfApp1.csproj", "{CC65969D-1884-4CCD-B0D7-5E6392F0B77A}"
EndProject
Project("{FAE04EC0-301F-11D3-BF4B-00C04F79EFBC}") = "Reiseunternehmen", "..\ClassLibrary1\ClassLibrary1\Reiseunternehmen.csproj", "{3EC3ECAD-FC23-4B4C-B2D2-C1442F249238}"
EndProject
Global
	GlobalSection(SolutionConfigurationPlatforms) = preSolution
		Debug|Any CPU = Debug|Any CPU
		Release|Any CPU = Release|Any CPU
	EndGlobalSection
	GlobalSection(ProjectConfigurationPlatforms) = postSolution
		{CC65969D-1884-4CCD-B0D7-5E6392F0B77A}.Debug|Any CPU.ActiveCfg = Debug|Any CPU
		{CC65969D-1884-4CCD-B0D7-5E6392F0B77A}.Debug|Any CPU.Build.0 = Debug|Any CPU
		{CC65969D-1884-4CCD-B0D7-5E6392F0B77A}.Release|Any CPU.ActiveCfg = Release|Any CPU
		{CC65969D-1884-4CCD-B0D7-5E6392F0B77A}.Release|Any CPU.Build.0 = Release|Any CPU
		{3EC3ECAD-FC23-4B4C-B2D2-C1442F249238}.Debug|Any CPU.ActiveCfg = Debug|Any CPU
		{3EC3ECAD-FC23-4B4C-B2D2-C1442F249238}.Debug|Any CPU.Build.0 = Debug|Any CPU
		{3EC3ECAD-FC23-4B4C-B2D2-C1442F249238}.Release|Any CPU.ActiveCfg = Release|Any CPU
		{3EC3ECAD-FC23-4B4C-B2D2-C1442F249238}.Release|Any CPU.Build.0 = Release|Any CPU
	EndGlobalSection
	GlobalSection(SolutionProperties) = preSolution
		HideSolutionNode = FALSE
	EndGlobalSection
	GlobalSection(ExtensibilityGlobals) = postSolution
		SolutionGuid = {D655F159-1C41-4178-A466-880A3FA2CDE0}
	EndGlobalSection
EndGlobal
